# This file is automatically @generated by Poetry 1.4.2 and should not be changed by hand.

[[package]]
name = "construct"
version = "2.5.3"
description = "A powerful declarative parser/builder for binary data"
category = "main"
optional = false
python-versions = "*"
files = [
    {file = "construct-2.5.3.tar.gz", hash = "sha256:b2233bc7c6a4d73803f5806bc3167e4935daa3ea8a5cd056cbabbdb9c3d79a36"},
]

[package.dependencies]
six = "*"

[[package]]
name = "haystack"
version = "0.42"
description = "Search C Structures in a process' memory"
category = "main"
optional = false
python-versions = "*"
files = [
    {file = "haystack-0.42-py2.py3-none-any.whl", hash = "sha256:3d1a906ddca6a08c6e5f965026cc1978f09795c65d5ab2c84b3c039378a9bec8"},
    {file = "haystack-0.42.tar.gz", hash = "sha256:4eaf0ba481d160639e240602734a9195f3dfc37c6c0ad132a14e9eb1454868f0"},
]

[package.dependencies]
construct = "<2.8"
pefile = "*"
python-ptrace = ">=0.8.1"

[[package]]
name = "pefile"
version = "2023.2.7"
description = "Python PE parsing module"
category = "main"
optional = false
python-versions = ">=3.6.0"
files = [
    {file = "pefile-2023.2.7-py3-none-any.whl", hash = "sha256:da185cd2af68c08a6cd4481f7325ed600a88f6a813bad9dea07ab3ef73d8d8d6"},
    {file = "pefile-2023.2.7.tar.gz", hash = "sha256:82e6114004b3d6911c77c3953e3838654b04511b8b66e8583db70c65998017dc"},
]

[[package]]
name = "python-ptrace"
version = "0.9.8"
description = "python binding of ptrace"
category = "main"
optional = false
python-versions = "*"
files = [
    {file = "python-ptrace-0.9.8.tar.gz", hash = "sha256:1e3bc6223f626aaacde8a7979732691c11b13012e702fee9ae16c87f71633eaa"},
    {file = "python_ptrace-0.9.8-py2.py3-none-any.whl", hash = "sha256:440c58a47423eb6eeea419854b9c6c28bfd9fd6ab9ae6630a7ea8be4600b1369"},
]

[[package]]
name = "six"
version = "1.16.0"
description = "Python 2 and 3 compatibility utilities"
category = "main"
optional = false
python-versions = ">=2.7, !=3.0.*, !=3.1.*, !=3.2.*"
files = [
    {file = "six-1.16.0-py2.py3-none-any.whl", hash = "sha256:8abb2f1d86890a2dfb989f9a77cfcfd3e47c2a354b01111771326f8aa26e0254"},
    {file = "six-1.16.0.tar.gz", hash = "sha256:1e61c37477a1626458e36f7b1d82aa5c9b094fa4802892072e49de9c60c4c926"},
]

[[package]]
name = "sonic-client"
version = "0.0.5"
description = "python client for sonic search backend"
category = "main"
optional = false
python-versions = "*"
files = [
    {file = "sonic-client-0.0.5.tar.gz", hash = "sha256:e47071ccea5ea02cfccd8e77e382fb9180b56c50524c21c90840147f42bc96e9"},
]

[metadata]
lock-version = "2.0"
python-versions = "^3.9"
content-hash = "08c470bfc2e9dd61768879b81de869640736ed8308d71f025d4e73e55437c019"
